<?xml version="1.0" encoding="utf-8"?>
<Project ToolsVersion="4.0" xmlns="http://schemas.microsoft.com/developer/msbuild/2003">
  <ItemGroup>
    <Filter Include="Sources">
      <UniqueIdentifier>{8b7ed093-66ce-4096-96d2-fbb9faa4bf52}</UniqueIdentifier>
    </Filter>
    <Filter Include="Sources\Modules">
      <UniqueIdentifier>{7b418be2-1631-4a31-9ef2-8a8b234a7339}</UniqueIdentifier>
    </Filter>
    <Filter Include="Sources\Containers">
      <UniqueIdentifier>{afc36133-f401-499a-aa33-0da1e500fb52}</UniqueIdentifier>
    </Filter>
    <Filter Include="Sources\Tools">
      <UniqueIdentifier>{7e4dfaf7-022c-4f7d-92aa-f3b3fa9d6248}</UniqueIdentifier>
    </Filter>
    <Filter Include="Sources\Helpers">
      <UniqueIdentifier>{121f8e6b-df36-4ab0-be0d-601ddfc9e503}</UniqueIdentifier>
    </Filter>
    <Filter Include="Sources\ImGui">
      <UniqueIdentifier>{fdf7cf7e-f7fe-4183-92bb-4eb0d90623dd}</UniqueIdentifier>
    </Filter>
    <Filter Include="Sources\MathGeoLib">
      <UniqueIdentifier>{c3109336-67f1-4860-bec3-47f0617e5b7c}</UniqueIdentifier>
    </Filter>
    <Filter Include="Sources\MathGeoLib\Algorithm">
      <UniqueIdentifier>{1b8f865a-2968-4f7d-bf1f-c41b01beb6b7}</UniqueIdentifier>
    </Filter>
    <Filter Include="Sources\MathGeoLib\emscripten">
      <UniqueIdentifier>{3de2a998-5072-4a6e-ba80-a65efee8936b}</UniqueIdentifier>
    </Filter>
    <Filter Include="Sources\MathGeoLib\Geometry">
      <UniqueIdentifier>{3c79365d-bdd4-4cf9-8c74-61f407ecdd8d}</UniqueIdentifier>
    </Filter>
    <Filter Include="Sources\MathGeoLib\Math">
      <UniqueIdentifier>{19967f2c-8093-4893-a5a8-be4850da76ca}</UniqueIdentifier>
    </Filter>
    <Filter Include="Sources\MathGeoLib\Time">
      <UniqueIdentifier>{1ed1af0f-2d5e-4670-998f-e80f07e3246f}</UniqueIdentifier>
    </Filter>
    <Filter Include="Sources\Modules\Panels">
      <UniqueIdentifier>{83f46af7-e02f-40c0-9e56-41d76082527b}</UniqueIdentifier>
    </Filter>
    <Filter Include="Sources\Glew">
      <UniqueIdentifier>{3c096f87-7a2f-405c-9ae9-0fbe824317e3}</UniqueIdentifier>
    </Filter>
    <Filter Include="Sources\Modules\GameObjects">
      <UniqueIdentifier>{5aca42f5-ea99-4c56-ad21-22b6f3374bde}</UniqueIdentifier>
    </Filter>
    <Filter Include="Sources\Modules\GameObjects\Components">
      <UniqueIdentifier>{90937c3a-4921-458d-a121-8eae0ed49fc3}</UniqueIdentifier>
    </Filter>
    <Filter Include="Sources\Modules\Importers">
      <UniqueIdentifier>{69fbd74d-3508-4586-9940-019820b9e326}</UniqueIdentifier>
    </Filter>
    <Filter Include="Sources\Tools\ImGuizmo">
      <UniqueIdentifier>{8f7237b3-10bb-441d-8963-efe856a1bfbe}</UniqueIdentifier>
    </Filter>
    <Filter Include="Sources\Parson">
      <UniqueIdentifier>{36343e9a-05e7-4f24-baa1-7e28a8fb0550}</UniqueIdentifier>
    </Filter>
  </ItemGroup>
  <ItemGroup>
    <ClInclude Include="Module.h">
      <Filter>Sources\Modules</Filter>
    </ClInclude>
    <ClInclude Include="ModuleCamera3D.h">
      <Filter>Sources\Modules</Filter>
    </ClInclude>
    <ClInclude Include="ModuleInput.h">
      <Filter>Sources\Modules</Filter>
    </ClInclude>
    <ClInclude Include="ModuleRenderer3D.h">
      <Filter>Sources\Modules</Filter>
    </ClInclude>
    <ClInclude Include="ModuleWindow.h">
      <Filter>Sources\Modules</Filter>
    </ClInclude>
    <ClInclude Include="Application.h">
      <Filter>Sources</Filter>
    </ClInclude>
    <ClInclude Include="Color.h">
      <Filter>Sources\Containers</Filter>
    </ClInclude>
    <ClInclude Include="Light.h">
      <Filter>Sources\Helpers</Filter>
    </ClInclude>
    <ClInclude Include="Timer.h">
      <Filter>Sources\Tools</Filter>
    </ClInclude>
    <ClInclude Include="ImGui\imgui_impl_opengl2.h">
      <Filter>Sources\ImGui</Filter>
    </ClInclude>
    <ClInclude Include="ImGui\imgui_impl_sdl.h">
      <Filter>Sources\ImGui</Filter>
    </ClInclude>
    <ClInclude Include="ImGui\imgui_internal.h">
      <Filter>Sources\ImGui</Filter>
    </ClInclude>
    <ClInclude Include="ImGui\imstb_rectpack.h">
      <Filter>Sources\ImGui</Filter>
    </ClInclude>
    <ClInclude Include="ImGui\imstb_textedit.h">
      <Filter>Sources\ImGui</Filter>
    </ClInclude>
    <ClInclude Include="ImGui\imstb_truetype.h">
      <Filter>Sources\ImGui</Filter>
    </ClInclude>
    <ClInclude Include="ImGui\imconfig.h">
      <Filter>Sources\ImGui</Filter>
    </ClInclude>
    <ClInclude Include="ImGui\imgui.h">
      <Filter>Sources\ImGui</Filter>
    </ClInclude>
    <ClInclude Include="Globals.h">
      <Filter>Sources</Filter>
    </ClInclude>
    <ClInclude Include="Primitive.h">
      <Filter>Sources\Helpers</Filter>
    </ClInclude>
    <ClInclude Include="MathGeoLib\MathGeoLib.h">
      <Filter>Sources\MathGeoLib</Filter>
    </ClInclude>
    <ClInclude Include="MathGeoLib\MathGeoLibFwd.h">
      <Filter>Sources\MathGeoLib</Filter>
    </ClInclude>
    <ClInclude Include="MathGeoLib\MathBuildConfig.h">
      <Filter>Sources\MathGeoLib</Filter>
    </ClInclude>
    <ClInclude Include="MathGeoLib\Algorithm\Random\LCG.h">
      <Filter>Sources\MathGeoLib\Algorithm</Filter>
    </ClInclude>
    <ClInclude Include="MathGeoLib\emscripten\library_system.h">
      <Filter>Sources\MathGeoLib\emscripten</Filter>
    </ClInclude>
    <ClInclude Include="MathGeoLib\Geometry\Line.h">
      <Filter>Sources\MathGeoLib\Geometry</Filter>
    </ClInclude>
    <ClInclude Include="MathGeoLib\Geometry\LineSegment.h">
      <Filter>Sources\MathGeoLib\Geometry</Filter>
    </ClInclude>
    <ClInclude Include="MathGeoLib\Geometry\OBB.h">
      <Filter>Sources\MathGeoLib\Geometry</Filter>
    </ClInclude>
    <ClInclude Include="MathGeoLib\Geometry\PBVolume.h">
      <Filter>Sources\MathGeoLib\Geometry</Filter>
    </ClInclude>
    <ClInclude Include="MathGeoLib\Geometry\Plane.h">
      <Filter>Sources\MathGeoLib\Geometry</Filter>
    </ClInclude>
    <ClInclude Include="MathGeoLib\Geometry\Polygon.h">
      <Filter>Sources\MathGeoLib\Geometry</Filter>
    </ClInclude>
    <ClInclude Include="MathGeoLib\Geometry\Polyhedron.h">
      <Filter>Sources\MathGeoLib\Geometry</Filter>
    </ClInclude>
    <ClInclude Include="MathGeoLib\Geometry\QuadTree.h">
      <Filter>Sources\MathGeoLib\Geometry</Filter>
    </ClInclude>
    <ClInclude Include="MathGeoLib\Geometry\Ray.h">
      <Filter>Sources\MathGeoLib\Geometry</Filter>
    </ClInclude>
    <ClInclude Include="MathGeoLib\Geometry\Sphere.h">
      <Filter>Sources\MathGeoLib\Geometry</Filter>
    </ClInclude>
    <ClInclude Include="MathGeoLib\Geometry\Triangle.h">
      <Filter>Sources\MathGeoLib\Geometry</Filter>
    </ClInclude>
    <ClInclude Include="MathGeoLib\Geometry\TriangleMesh.h">
      <Filter>Sources\MathGeoLib\Geometry</Filter>
    </ClInclude>
    <ClInclude Include="MathGeoLib\Geometry\AABB.h">
      <Filter>Sources\MathGeoLib\Geometry</Filter>
    </ClInclude>
    <ClInclude Include="MathGeoLib\Geometry\AABB2D.h">
      <Filter>Sources\MathGeoLib\Geometry</Filter>
    </ClInclude>
    <ClInclude Include="MathGeoLib\Geometry\Capsule.h">
      <Filter>Sources\MathGeoLib\Geometry</Filter>
    </ClInclude>
    <ClInclude Include="MathGeoLib\Geometry\Circle.h">
      <Filter>Sources\MathGeoLib\Geometry</Filter>
    </ClInclude>
    <ClInclude Include="MathGeoLib\Geometry\Frustum.h">
      <Filter>Sources\MathGeoLib\Geometry</Filter>
    </ClInclude>
    <ClInclude Include="MathGeoLib\Geometry\GeometryAll.h">
      <Filter>Sources\MathGeoLib\Geometry</Filter>
    </ClInclude>
    <ClInclude Include="MathGeoLib\Geometry\GeomType.h">
      <Filter>Sources\MathGeoLib\Geometry</Filter>
    </ClInclude>
    <ClInclude Include="MathGeoLib\Geometry\HitInfo.h">
      <Filter>Sources\MathGeoLib\Geometry</Filter>
    </ClInclude>
    <ClInclude Include="MathGeoLib\Geometry\KDTree.h">
      <Filter>Sources\MathGeoLib\Geometry</Filter>
    </ClInclude>
    <ClInclude Include="MathGeoLib\Math\Quat.h">
      <Filter>Sources\MathGeoLib\Math</Filter>
    </ClInclude>
    <ClInclude Include="MathGeoLib\Math\quat_simd.h">
      <Filter>Sources\MathGeoLib\Math</Filter>
    </ClInclude>
    <ClInclude Include="MathGeoLib\Math\Rect.h">
      <Filter>Sources\MathGeoLib\Math</Filter>
    </ClInclude>
    <ClInclude Include="MathGeoLib\Math\Reinterpret.h">
      <Filter>Sources\MathGeoLib\Math</Filter>
    </ClInclude>
    <ClInclude Include="MathGeoLib\Math\simd.h">
      <Filter>Sources\MathGeoLib\Math</Filter>
    </ClInclude>
    <ClInclude Include="MathGeoLib\Math\sse_mathfun.h">
      <Filter>Sources\MathGeoLib\Math</Filter>
    </ClInclude>
    <ClInclude Include="MathGeoLib\Math\SSEMath.h">
      <Filter>Sources\MathGeoLib\Math</Filter>
    </ClInclude>
    <ClInclude Include="MathGeoLib\Math\TransformOps.h">
      <Filter>Sources\MathGeoLib\Math</Filter>
    </ClInclude>
    <ClInclude Include="MathGeoLib\Math\assume.h">
      <Filter>Sources\MathGeoLib\Math</Filter>
    </ClInclude>
    <ClInclude Include="MathGeoLib\Math\BitOps.h">
      <Filter>Sources\MathGeoLib\Math</Filter>
    </ClInclude>
    <ClInclude Include="MathGeoLib\Math\Callstack.h">
      <Filter>Sources\MathGeoLib\Math</Filter>
    </ClInclude>
    <ClInclude Include="MathGeoLib\Math\FixedPoint.h">
      <Filter>Sources\MathGeoLib\Math</Filter>
    </ClInclude>
    <ClInclude Include="MathGeoLib\Math\float2.h">
      <Filter>Sources\MathGeoLib\Math</Filter>
    </ClInclude>
    <ClInclude Include="MathGeoLib\Math\float3.h">
      <Filter>Sources\MathGeoLib\Math</Filter>
    </ClInclude>
    <ClInclude Include="MathGeoLib\Math\float3x3.h">
      <Filter>Sources\MathGeoLib\Math</Filter>
    </ClInclude>
    <ClInclude Include="MathGeoLib\Math\float3x4.h">
      <Filter>Sources\MathGeoLib\Math</Filter>
    </ClInclude>
    <ClInclude Include="MathGeoLib\Math\float4.h">
      <Filter>Sources\MathGeoLib\Math</Filter>
    </ClInclude>
    <ClInclude Include="MathGeoLib\Math\float4_neon.h">
      <Filter>Sources\MathGeoLib\Math</Filter>
    </ClInclude>
    <ClInclude Include="MathGeoLib\Math\float4_sse.h">
      <Filter>Sources\MathGeoLib\Math</Filter>
    </ClInclude>
    <ClInclude Include="MathGeoLib\Math\float4x4.h">
      <Filter>Sources\MathGeoLib\Math</Filter>
    </ClInclude>
    <ClInclude Include="MathGeoLib\Math\float4x4_neon.h">
      <Filter>Sources\MathGeoLib\Math</Filter>
    </ClInclude>
    <ClInclude Include="MathGeoLib\Math\float4x4_sse.h">
      <Filter>Sources\MathGeoLib\Math</Filter>
    </ClInclude>
    <ClInclude Include="MathGeoLib\Math\FloatCmp.h">
      <Filter>Sources\MathGeoLib\Math</Filter>
    </ClInclude>
    <ClInclude Include="MathGeoLib\Math\grisu3.h">
      <Filter>Sources\MathGeoLib\Math</Filter>
    </ClInclude>
    <ClInclude Include="MathGeoLib\Math\InclWindows.h">
      <Filter>Sources\MathGeoLib\Math</Filter>
    </ClInclude>
    <ClInclude Include="MathGeoLib\Math\MathAll.h">
      <Filter>Sources\MathGeoLib\Math</Filter>
    </ClInclude>
    <ClInclude Include="MathGeoLib\Math\MathConstants.h">
      <Filter>Sources\MathGeoLib\Math</Filter>
    </ClInclude>
    <ClInclude Include="MathGeoLib\Math\MathFunc.h">
      <Filter>Sources\MathGeoLib\Math</Filter>
    </ClInclude>
    <ClInclude Include="MathGeoLib\Math\MathLog.h">
      <Filter>Sources\MathGeoLib\Math</Filter>
    </ClInclude>
    <ClInclude Include="MathGeoLib\Math\MathNamespace.h">
      <Filter>Sources\MathGeoLib\Math</Filter>
    </ClInclude>
    <ClInclude Include="MathGeoLib\Math\MathTypes.h">
      <Filter>Sources\MathGeoLib\Math</Filter>
    </ClInclude>
    <ClInclude Include="MathGeoLib\Math\MatrixProxy.h">
      <Filter>Sources\MathGeoLib\Math</Filter>
    </ClInclude>
    <ClInclude Include="MathGeoLib\Math\MiniFloat.h">
      <Filter>Sources\MathGeoLib\Math</Filter>
    </ClInclude>
    <ClInclude Include="MathGeoLib\Math\myassert.h">
      <Filter>Sources\MathGeoLib\Math</Filter>
    </ClInclude>
    <ClInclude Include="MathGeoLib\Math\Polynomial.h">
      <Filter>Sources\MathGeoLib\Math</Filter>
    </ClInclude>
    <ClInclude Include="MathGeoLib\Time\Clock.h">
      <Filter>Sources\MathGeoLib\Time</Filter>
    </ClInclude>
    <ClInclude Include="PerfTimer.h">
      <Filter>Sources\Tools</Filter>
    </ClInclude>
    <ClInclude Include="ModuleImGui.h">
      <Filter>Sources\Modules</Filter>
    </ClInclude>
    <ClInclude Include="PanelAbout.h">
      <Filter>Sources\Modules\Panels</Filter>
    </ClInclude>
    <ClInclude Include="PanelConsole.h">
      <Filter>Sources\Modules\Panels</Filter>
    </ClInclude>
    <ClInclude Include="Panel.h">
      <Filter>Sources\Modules\Panels</Filter>
    </ClInclude>
    <ClInclude Include="PanelRandomNumberGenerator.h">
      <Filter>Sources\Modules\Panels</Filter>
    </ClInclude>
    <ClInclude Include="PanelConfiguration.h">
      <Filter>Sources\Modules\Panels</Filter>
    </ClInclude>
    <ClInclude Include="OpenGL.h">
      <Filter>Sources\Tools</Filter>
    </ClInclude>
    <ClInclude Include="GL\include\eglew.h">
      <Filter>Sources\Glew</Filter>
    </ClInclude>
    <ClInclude Include="GL\include\glew.h">
      <Filter>Sources\Glew</Filter>
    </ClInclude>
    <ClInclude Include="GL\include\glxew.h">
      <Filter>Sources\Glew</Filter>
    </ClInclude>
    <ClInclude Include="GL\include\wglew.h">
      <Filter>Sources\Glew</Filter>
    </ClInclude>
    <ClInclude Include="PanelInspector.h">
      <Filter>Sources\Modules\Panels</Filter>
    </ClInclude>
    <ClInclude Include="ModuleScene.h">
      <Filter>Sources\Modules</Filter>
    </ClInclude>
    <ClInclude Include="GameObject.h">
      <Filter>Sources\Modules\GameObjects</Filter>
    </ClInclude>
    <ClInclude Include="Component.h">
      <Filter>Sources\Modules\GameObjects\Components</Filter>
    </ClInclude>
    <ClInclude Include="ComponentTransform.h">
      <Filter>Sources\Modules\GameObjects\Components</Filter>
    </ClInclude>
    <ClInclude Include="ComponentMesh.h">
      <Filter>Sources\Modules\GameObjects\Components</Filter>
    </ClInclude>
    <ClInclude Include="ComponentMaterial.h">
      <Filter>Sources\Modules\GameObjects\Components</Filter>
    </ClInclude>
    <ClInclude Include="PanelHierarchy.h">
      <Filter>Sources\Modules\Panels</Filter>
    </ClInclude>
    <ClInclude Include="ModuleFileSystem.h">
      <Filter>Sources\Modules</Filter>
    </ClInclude>
    <ClInclude Include="ComponentCamera.h">
      <Filter>Sources\Modules\GameObjects\Components</Filter>
    </ClInclude>
    <ClInclude Include="Importer.h">
      <Filter>Sources\Modules\Importers</Filter>
    </ClInclude>
    <ClInclude Include="MeshImporter.h">
      <Filter>Sources\Modules\Importers</Filter>
    </ClInclude>
    <ClInclude Include="TextureImporter.h">
      <Filter>Sources\Modules\Importers</Filter>
    </ClInclude>
    <ClInclude Include="Quadtree.h">
      <Filter>Sources\Containers</Filter>
    </ClInclude>
    <ClInclude Include="ImGuizmo\ImGuizmo.h">
      <Filter>Sources\Tools\ImGuizmo</Filter>
    </ClInclude>
    <ClInclude Include="ImGuizmo\ImSequencer.h">
      <Filter>Sources\Tools\ImGuizmo</Filter>
    </ClInclude>
    <ClInclude Include="Config.h">
      <Filter>Sources\Tools</Filter>
    </ClInclude>
    <ClInclude Include="Parson\parson.h">
      <Filter>Sources\Parson</Filter>
    </ClInclude>
  </ItemGroup>
  <ItemGroup>
    <ClCompile Include="ModuleCamera3D.cpp">
      <Filter>Sources\Modules</Filter>
    </ClCompile>
    <ClCompile Include="ModuleInput.cpp">
      <Filter>Sources\Modules</Filter>
    </ClCompile>
    <ClCompile Include="ModuleRenderer3D.cpp">
      <Filter>Sources\Modules</Filter>
    </ClCompile>
    <ClCompile Include="ModuleWindow.cpp">
      <Filter>Sources\Modules</Filter>
    </ClCompile>
    <ClCompile Include="Timer.cpp">
      <Filter>Sources\Tools</Filter>
    </ClCompile>
    <ClCompile Include="Application.cpp">
      <Filter>Sources</Filter>
    </ClCompile>
    <ClCompile Include="Main.cpp">
      <Filter>Sources</Filter>
    </ClCompile>
    <ClCompile Include="Color.cpp">
      <Filter>Sources\Containers</Filter>
    </ClCompile>
    <ClCompile Include="ImGui\imgui_impl_sdl.cpp">
      <Filter>Sources\ImGui</Filter>
    </ClCompile>
    <ClCompile Include="ImGui\imgui_widgets.cpp">
      <Filter>Sources\ImGui</Filter>
    </ClCompile>
    <ClCompile Include="ImGui\imgui.cpp">
      <Filter>Sources\ImGui</Filter>
    </ClCompile>
    <ClCompile Include="ImGui\imgui_demo.cpp">
      <Filter>Sources\ImGui</Filter>
    </ClCompile>
    <ClCompile Include="ImGui\imgui_draw.cpp">
      <Filter>Sources\ImGui</Filter>
    </ClCompile>
    <ClCompile Include="ImGui\imgui_impl_opengl2.cpp">
      <Filter>Sources\ImGui</Filter>
    </ClCompile>
    <ClCompile Include="Light.cpp">
      <Filter>Sources\Helpers</Filter>
    </ClCompile>
    <ClCompile Include="Primitive.cpp">
      <Filter>Sources\Helpers</Filter>
    </ClCompile>
    <ClCompile Include="MathGeoLib\Algorithm\Random\LCG.cpp">
      <Filter>Sources\MathGeoLib\Algorithm</Filter>
    </ClCompile>
    <ClCompile Include="MathGeoLib\Geometry\Line.cpp">
      <Filter>Sources\MathGeoLib\Geometry</Filter>
    </ClCompile>
    <ClCompile Include="MathGeoLib\Geometry\LineSegment.cpp">
      <Filter>Sources\MathGeoLib\Geometry</Filter>
    </ClCompile>
    <ClCompile Include="MathGeoLib\Geometry\OBB.cpp">
      <Filter>Sources\MathGeoLib\Geometry</Filter>
    </ClCompile>
    <ClCompile Include="MathGeoLib\Geometry\PBVolume.cpp">
      <Filter>Sources\MathGeoLib\Geometry</Filter>
    </ClCompile>
    <ClCompile Include="MathGeoLib\Geometry\Plane.cpp">
      <Filter>Sources\MathGeoLib\Geometry</Filter>
    </ClCompile>
    <ClCompile Include="MathGeoLib\Geometry\Polygon.cpp">
      <Filter>Sources\MathGeoLib\Geometry</Filter>
    </ClCompile>
    <ClCompile Include="MathGeoLib\Geometry\Polyhedron.cpp">
      <Filter>Sources\MathGeoLib\Geometry</Filter>
    </ClCompile>
    <ClCompile Include="MathGeoLib\Geometry\Ray.cpp">
      <Filter>Sources\MathGeoLib\Geometry</Filter>
    </ClCompile>
    <ClCompile Include="MathGeoLib\Geometry\Sphere.cpp">
      <Filter>Sources\MathGeoLib\Geometry</Filter>
    </ClCompile>
    <ClCompile Include="MathGeoLib\Geometry\Triangle.cpp">
      <Filter>Sources\MathGeoLib\Geometry</Filter>
    </ClCompile>
    <ClCompile Include="MathGeoLib\Geometry\TriangleMesh.cpp">
      <Filter>Sources\MathGeoLib\Geometry</Filter>
    </ClCompile>
    <ClCompile Include="MathGeoLib\Geometry\AABB.cpp">
      <Filter>Sources\MathGeoLib\Geometry</Filter>
    </ClCompile>
    <ClCompile Include="MathGeoLib\Geometry\Capsule.cpp">
      <Filter>Sources\MathGeoLib\Geometry</Filter>
    </ClCompile>
    <ClCompile Include="MathGeoLib\Geometry\Circle.cpp">
      <Filter>Sources\MathGeoLib\Geometry</Filter>
    </ClCompile>
    <ClCompile Include="MathGeoLib\Geometry\Frustum.cpp">
      <Filter>Sources\MathGeoLib\Geometry</Filter>
    </ClCompile>
    <ClCompile Include="MathGeoLib\Math\Quat.cpp">
      <Filter>Sources\MathGeoLib\Math</Filter>
    </ClCompile>
    <ClCompile Include="MathGeoLib\Math\SSEMath.cpp">
      <Filter>Sources\MathGeoLib\Math</Filter>
    </ClCompile>
    <ClCompile Include="MathGeoLib\Math\TransformOps.cpp">
      <Filter>Sources\MathGeoLib\Math</Filter>
    </ClCompile>
    <ClCompile Include="MathGeoLib\Math\BitOps.cpp">
      <Filter>Sources\MathGeoLib\Math</Filter>
    </ClCompile>
    <ClCompile Include="MathGeoLib\Math\Callstack.cpp">
      <Filter>Sources\MathGeoLib\Math</Filter>
    </ClCompile>
    <ClCompile Include="MathGeoLib\Math\float2.cpp">
      <Filter>Sources\MathGeoLib\Math</Filter>
    </ClCompile>
    <ClCompile Include="MathGeoLib\Math\float3.cpp">
      <Filter>Sources\MathGeoLib\Math</Filter>
    </ClCompile>
    <ClCompile Include="MathGeoLib\Math\float3x3.cpp">
      <Filter>Sources\MathGeoLib\Math</Filter>
    </ClCompile>
    <ClCompile Include="MathGeoLib\Math\float3x4.cpp">
      <Filter>Sources\MathGeoLib\Math</Filter>
    </ClCompile>
    <ClCompile Include="MathGeoLib\Math\float4.cpp">
      <Filter>Sources\MathGeoLib\Math</Filter>
    </ClCompile>
    <ClCompile Include="MathGeoLib\Math\float4x4.cpp">
      <Filter>Sources\MathGeoLib\Math</Filter>
    </ClCompile>
    <ClCompile Include="MathGeoLib\Math\grisu3.c">
      <Filter>Sources\MathGeoLib\Math</Filter>
    </ClCompile>
    <ClCompile Include="MathGeoLib\Math\grisu3_cpp.cpp">
      <Filter>Sources\MathGeoLib\Math</Filter>
    </ClCompile>
    <ClCompile Include="MathGeoLib\Math\MathFunc.cpp">
      <Filter>Sources\MathGeoLib\Math</Filter>
    </ClCompile>
    <ClCompile Include="MathGeoLib\Math\MathLog.cpp">
      <Filter>Sources\MathGeoLib\Math</Filter>
    </ClCompile>
    <ClCompile Include="MathGeoLib\Math\MathOps.cpp">
      <Filter>Sources\MathGeoLib\Math</Filter>
    </ClCompile>
    <ClCompile Include="MathGeoLib\Math\MiniFloat.cpp">
      <Filter>Sources\MathGeoLib\Math</Filter>
    </ClCompile>
    <ClCompile Include="MathGeoLib\Math\Polynomial.cpp">
      <Filter>Sources\MathGeoLib\Math</Filter>
    </ClCompile>
    <ClCompile Include="MathGeoLib\Time\Clock.cpp">
      <Filter>Sources\MathGeoLib\Time</Filter>
    </ClCompile>
    <ClCompile Include="Globals.cpp">
      <Filter>Sources</Filter>
    </ClCompile>
    <ClCompile Include="PerfTimer.cpp">
      <Filter>Sources\Tools</Filter>
    </ClCompile>
    <ClCompile Include="ModuleImGui.cpp">
      <Filter>Sources\Modules</Filter>
    </ClCompile>
    <ClCompile Include="PanelAbout.cpp">
      <Filter>Sources\Modules\Panels</Filter>
    </ClCompile>
    <ClCompile Include="PanelConsole.cpp">
      <Filter>Sources\Modules\Panels</Filter>
    </ClCompile>
    <ClCompile Include="Panel.cpp">
      <Filter>Sources\Modules\Panels</Filter>
    </ClCompile>
    <ClCompile Include="PanelRandomNumberGenerator.cpp">
      <Filter>Sources\Modules\Panels</Filter>
    </ClCompile>
    <ClCompile Include="PanelConfiguration.cpp">
      <Filter>Sources\Modules\Panels</Filter>
    </ClCompile>
    <ClCompile Include="PanelInspector.cpp">
      <Filter>Sources\Modules\Panels</Filter>
    </ClCompile>
    <ClCompile Include="ModuleScene.cpp">
      <Filter>Sources\Modules</Filter>
    </ClCompile>
    <ClCompile Include="GameObject.cpp">
      <Filter>Sources\Modules\GameObjects</Filter>
    </ClCompile>
    <ClCompile Include="Component.cpp">
      <Filter>Sources\Modules\GameObjects\Components</Filter>
    </ClCompile>
    <ClCompile Include="ComponentTransform.cpp">
      <Filter>Sources\Modules\GameObjects\Components</Filter>
    </ClCompile>
    <ClCompile Include="ComponentMesh.cpp">
      <Filter>Sources\Modules\GameObjects\Components</Filter>
    </ClCompile>
    <ClCompile Include="ComponentMaterial.cpp">
      <Filter>Sources\Modules\GameObjects\Components</Filter>
    </ClCompile>
    <ClCompile Include="PanelHierarchy.cpp">
      <Filter>Sources\Modules\Panels</Filter>
    </ClCompile>
    <ClCompile Include="ModuleFileSystem.cpp">
      <Filter>Sources\Modules</Filter>
    </ClCompile>
    <ClCompile Include="ComponentCamera.cpp">
      <Filter>Sources\Modules\GameObjects\Components</Filter>
    </ClCompile>
    <ClCompile Include="MeshImporter.cpp">
      <Filter>Sources\Modules\Importers</Filter>
    </ClCompile>
    <ClCompile Include="TextureImporter.cpp">
      <Filter>Sources\Modules\Importers</Filter>
    </ClCompile>
    <ClCompile Include="Quadtree.cpp">
      <Filter>Sources\Containers</Filter>
    </ClCompile>
    <ClCompile Include="ImGuizmo\ImGuizmo.cpp">
      <Filter>Sources\Tools\ImGuizmo</Filter>
    </ClCompile>
    <ClCompile Include="ImGuizmo\ImSequencer.cpp">
      <Filter>Sources\Tools\ImGuizmo</Filter>
    </ClCompile>
    <ClCompile Include="Config.cpp">
      <Filter>Sources\Tools</Filter>
    </ClCompile>
    <ClCompile Include="Parson\parson.c">
      <Filter>Sources\Parson</Filter>
    </ClCompile>
  </ItemGroup>
  <ItemGroup>
    <None Include="MathGeoLib\emscripten\library_system.js">
      <Filter>Sources\MathGeoLib\emscripten</Filter>
    </None>
    <None Include="MathGeoLib\Geometry\QuadTree.inl">
      <Filter>Sources\MathGeoLib\Geometry</Filter>
    </None>
    <None Include="MathGeoLib\Geometry\TriangleMesh_IntersectRay_AVX.inl">
      <Filter>Sources\MathGeoLib\Geometry</Filter>
    </None>
    <None Include="MathGeoLib\Geometry\TriangleMesh_IntersectRay_CPP.inl">
      <Filter>Sources\MathGeoLib\Geometry</Filter>
    </None>
    <None Include="MathGeoLib\Geometry\TriangleMesh_IntersectRay_SSE.inl">
      <Filter>Sources\MathGeoLib\Geometry</Filter>
    </None>
    <None Include="MathGeoLib\Geometry\KDTree.inl">
      <Filter>Sources\MathGeoLib\Geometry</Filter>
    </None>
    <None Include="MathGeoLib\Math\float2.inl">
      <Filter>Sources\MathGeoLib\Math</Filter>
    </None>
    <None Include="MathGeoLib\Math\Matrix.inl">
      <Filter>Sources\MathGeoLib\Math</Filter>
    </None>
  </ItemGroup>
</Project>